
Microsoft Visual Studio Solution File, Format Version 12.00
# Visual Studio Version 17
VisualStudioVersion = 17.0.32014.148
MinimumVisualStudioVersion = 10.0.40219.1
Project("{9A19103F-16F7-4668-BE54-9A1E7A4F7556}") = "Miritush.API", "Miritush.API\Miritush.API.csproj", "{34749A72-DB9E-48DA-8349-A9928F2657FB}"
EndProject
Project("{9A19103F-16F7-4668-BE54-9A1E7A4F7556}") = "Miritush.DAL", "Miritush.DAL\Miritush.DAL.csproj", "{D8E8BB58-921D-413C-B720-E09FCFA48C41}"
EndProject
Project("{9A19103F-16F7-4668-BE54-9A1E7A4F7556}") = "Miritush.Services", "Miritush.Services\Miritush.Services.csproj", "{59793445-E180-4849-A684-909DFB6CBA75}"
EndProject
Project("{9A19103F-16F7-4668-BE54-9A1E7A4F7556}") = "Miritush.DTO", "Miritush.DTO\Miritush.DTO.csproj", "{518E21C8-0509-4B1F-ABF6-5476776B1579}"
EndProject
Project("{FAE04EC0-301F-11D3-BF4B-00C04F79EFBC}") = "Miritush.Helpers", "Miritush.Helpers\Miritush.Helpers.csproj", "{79D292B9-81A5-4C91-8CAC-175E15B2A5AE}"
EndProject
Global
	GlobalSection(SolutionConfigurationPlatforms) = preSolution
		Debug|Any CPU = Debug|Any CPU
		Release|Any CPU = Release|Any CPU
	EndGlobalSection
	GlobalSection(ProjectConfigurationPlatforms) = postSolution
		{34749A72-DB9E-48DA-8349-A9928F2657FB}.Debug|Any CPU.ActiveCfg = Debug|Any CPU
		{34749A72-DB9E-48DA-8349-A9928F2657FB}.Debug|Any CPU.Build.0 = Debug|Any CPU
		{34749A72-DB9E-48DA-8349-A9928F2657FB}.Release|Any CPU.ActiveCfg = Release|Any CPU
		{34749A72-DB9E-48DA-8349-A9928F2657FB}.Release|Any CPU.Build.0 = Release|Any CPU
		{D8E8BB58-921D-413C-B720-E09FCFA48C41}.Debug|Any CPU.ActiveCfg = Debug|Any CPU
		{D8E8BB58-921D-413C-B720-E09FCFA48C41}.Debug|Any CPU.Build.0 = Debug|Any CPU
		{D8E8BB58-921D-413C-B720-E09FCFA48C41}.Release|Any CPU.ActiveCfg = Release|Any CPU
		{D8E8BB58-921D-413C-B720-E09FCFA48C41}.Release|Any CPU.Build.0 = Release|Any CPU
		{59793445-E180-4849-A684-909DFB6CBA75}.Debug|Any CPU.ActiveCfg = Debug|Any CPU
		{59793445-E180-4849-A684-909DFB6CBA75}.Debug|Any CPU.Build.0 = Debug|Any CPU
		{59793445-E180-4849-A684-909DFB6CBA75}.Release|Any CPU.ActiveCfg = Release|Any CPU
		{59793445-E180-4849-A684-909DFB6CBA75}.Release|Any CPU.Build.0 = Release|Any CPU
		{518E21C8-0509-4B1F-ABF6-5476776B1579}.Debug|Any CPU.ActiveCfg = Debug|Any CPU
		{518E21C8-0509-4B1F-ABF6-5476776B1579}.Debug|Any CPU.Build.0 = Debug|Any CPU
		{518E21C8-0509-4B1F-ABF6-5476776B1579}.Release|Any CPU.ActiveCfg = Release|Any CPU
		{518E21C8-0509-4B1F-ABF6-5476776B1579}.Release|Any CPU.Build.0 = Release|Any CPU
		{79D292B9-81A5-4C91-8CAC-175E15B2A5AE}.Debug|Any CPU.ActiveCfg = Debug|Any CPU
		{79D292B9-81A5-4C91-8CAC-175E15B2A5AE}.Debug|Any CPU.Build.0 = Debug|Any CPU
		{79D292B9-81A5-4C91-8CAC-175E15B2A5AE}.Release|Any CPU.ActiveCfg = Release|Any CPU
		{79D292B9-81A5-4C91-8CAC-175E15B2A5AE}.Release|Any CPU.Build.0 = Release|Any CPU
	EndGlobalSection
	GlobalSection(SolutionProperties) = preSolution
		HideSolutionNode = FALSE
	EndGlobalSection
	GlobalSection(ExtensibilityGlobals) = postSolution
		SolutionGuid = {FEA4DF06-04CD-4CAF-A4ED-AC19B5BF70E2}
	EndGlobalSection
EndGlobal
